
Microsoft Visual Studio Solution File, Format Version 12.00
# Visual Studio Version 16
VisualStudioVersion = 16.0.30114.105
MinimumVisualStudioVersion = 10.0.40219.1
Project("{FAE04EC0-301F-11D3-BF4B-00C04F79EFBC}") = "API", "API\API.csproj", "{EDCD8E58-5924-4BB9-B46B-F28EE2430095}"
EndProject
Project("{FAE04EC0-301F-11D3-BF4B-00C04F79EFBC}") = "Application", "Application\Application.csproj", "{4C279372-1B01-4339-800F-AD0D264AC379}"
EndProject
Project("{FAE04EC0-301F-11D3-BF4B-00C04F79EFBC}") = "Persistence", "Persistence\Persistence.csproj", "{76331178-0525-4BE2-AC4E-73EAA83A35C5}"
EndProject
Project("{FAE04EC0-301F-11D3-BF4B-00C04F79EFBC}") = "domain", "Domain\domain.csproj", "{1D5ECDEF-C51F-4BC2-810B-DC3F4705F7D7}"
EndProject
Global
	GlobalSection(SolutionConfigurationPlatforms) = preSolution
		Debug|Any CPU = Debug|Any CPU
		Release|Any CPU = Release|Any CPU
	EndGlobalSection
	GlobalSection(SolutionProperties) = preSolution
		HideSolutionNode = FALSE
	EndGlobalSection
	GlobalSection(ProjectConfigurationPlatforms) = postSolution
		{EDCD8E58-5924-4BB9-B46B-F28EE2430095}.Debug|Any CPU.ActiveCfg = Debug|Any CPU
		{EDCD8E58-5924-4BB9-B46B-F28EE2430095}.Debug|Any CPU.Build.0 = Debug|Any CPU
		{EDCD8E58-5924-4BB9-B46B-F28EE2430095}.Release|Any CPU.ActiveCfg = Release|Any CPU
		{EDCD8E58-5924-4BB9-B46B-F28EE2430095}.Release|Any CPU.Build.0 = Release|Any CPU
		{4C279372-1B01-4339-800F-AD0D264AC379}.Debug|Any CPU.ActiveCfg = Debug|Any CPU
		{4C279372-1B01-4339-800F-AD0D264AC379}.Debug|Any CPU.Build.0 = Debug|Any CPU
		{4C279372-1B01-4339-800F-AD0D264AC379}.Release|Any CPU.ActiveCfg = Release|Any CPU
		{4C279372-1B01-4339-800F-AD0D264AC379}.Release|Any CPU.Build.0 = Release|Any CPU
		{76331178-0525-4BE2-AC4E-73EAA83A35C5}.Debug|Any CPU.ActiveCfg = Debug|Any CPU
		{76331178-0525-4BE2-AC4E-73EAA83A35C5}.Debug|Any CPU.Build.0 = Debug|Any CPU
		{76331178-0525-4BE2-AC4E-73EAA83A35C5}.Release|Any CPU.ActiveCfg = Release|Any CPU
		{76331178-0525-4BE2-AC4E-73EAA83A35C5}.Release|Any CPU.Build.0 = Release|Any CPU
		{1D5ECDEF-C51F-4BC2-810B-DC3F4705F7D7}.Debug|Any CPU.ActiveCfg = Debug|Any CPU
		{1D5ECDEF-C51F-4BC2-810B-DC3F4705F7D7}.Debug|Any CPU.Build.0 = Debug|Any CPU
		{1D5ECDEF-C51F-4BC2-810B-DC3F4705F7D7}.Release|Any CPU.ActiveCfg = Release|Any CPU
		{1D5ECDEF-C51F-4BC2-810B-DC3F4705F7D7}.Release|Any CPU.Build.0 = Release|Any CPU
	EndGlobalSection
EndGlobal
